// !$*UTF8*$!
{
	archiveVersion = 1;
	classes = {
	};
	objectVersion = 56;
	objects = {

/* Begin PBXBuildFile section */
		EA716F0D28C2F50500393BA0 /* preOCRApp.swift in Sources */ = {isa = PBXBuildFile; fileRef = EA716F0C28C2F50500393BA0 /* preOCRApp.swift */; };
		EA716F0F28C2F50500393BA0 /* ContentView.swift in Sources */ = {isa = PBXBuildFile; fileRef = EA716F0E28C2F50500393BA0 /* ContentView.swift */; };
		EA716F1128C2F50700393BA0 /* Assets.xcassets in Resources */ = {isa = PBXBuildFile; fileRef = EA716F1028C2F50700393BA0 /* Assets.xcassets */; };
		EA716F1428C2F50700393BA0 /* Preview Assets.xcassets in Resources */ = {isa = PBXBuildFile; fileRef = EA716F1328C2F50700393BA0 /* Preview Assets.xcassets */; };
		EA716F1E28C2F50800393BA0 /* preOCRTests.swift in Sources */ = {isa = PBXBuildFile; fileRef = EA716F1D28C2F50800393BA0 /* preOCRTests.swift */; };
		EA716F2828C2F50800393BA0 /* preOCRUITests.swift in Sources */ = {isa = PBXBuildFile; fileRef = EA716F2728C2F50800393BA0 /* preOCRUITests.swift */; };
		EA716F2A28C2F50800393BA0 /* preOCRUITestsLaunchTests.swift in Sources */ = {isa = PBXBuildFile; fileRef = EA716F2928C2F50800393BA0 /* preOCRUITestsLaunchTests.swift */; };
/* End PBXBuildFile section */

/* Begin PBXContainerItemProxy section */
		EA716F1A28C2F50800393BA0 /* PBXContainerItemProxy */ = {
			isa = PBXContainerItemProxy;
			containerPortal = EA716F0128C2F50500393BA0 /* Project object */;
			proxyType = 1;
			remoteGlobalIDString = EA716F0828C2F50500393BA0;
			remoteInfo = preOCR;
		};
		EA716F2428C2F50800393BA0 /* PBXContainerItemProxy */ = {
			isa = PBXContainerItemProxy;
			containerPortal = EA716F0128C2F50500393BA0 /* Project object */;
			proxyType = 1;
			remoteGlobalIDString = EA716F0828C2F50500393BA0;
			remoteInfo = preOCR;
		};
/* End PBXContainerItemProxy section */

/* Begin PBXFileReference section */
		EA716F0928C2F50500393BA0 /* preOCR.app */ = {isa = PBXFileReference; explicitFileType = wrapper.application; includeInIndex = 0; path = preOCR.app; sourceTree = BUILT_PRODUCTS_DIR; };
		EA716F0C28C2F50500393BA0 /* preOCRApp.swift */ = {isa = PBXFileReference; lastKnownFileType = sourcecode.swift; path = preOCRApp.swift; sourceTree = "<group>"; };
		EA716F0E28C2F50500393BA0 /* ContentView.swift */ = {isa = PBXFileReference; lastKnownFileType = sourcecode.swift; path = ContentView.swift; sourceTree = "<group>"; };
		EA716F1028C2F50700393BA0 /* Assets.xcassets */ = {isa = PBXFileReference; lastKnownFileType = folder.assetcatalog; path = Assets.xcassets; sourceTree = "<group>"; };
		EA716F1328C2F50700393BA0 /* Preview Assets.xcassets */ = {isa = PBXFileReference; lastKnownFileType = folder.assetcatalog; path = "Preview Assets.xcassets"; sourceTree = "<group>"; };
		EA716F1928C2F50800393BA0 /* preOCRTests.xctest */ = {isa = PBXFileReference; explicitFileType = wrapper.cfbundle; includeInIndex = 0; path = preOCRTests.xctest; sourceTree = BUILT_PRODUCTS_DIR; };
		EA716F1D28C2F50800393BA0 /* preOCRTests.swift */ = {isa = PBXFileReference; lastKnownFileType = sourcecode.swift; path = preOCRTests.swift; sourceTree = "<group>"; };
		EA716F2328C2F50800393BA0 /* preOCRUITests.xctest */ = {isa = PBXFileReference; explicitFileType = wrapper.cfbundle; includeInIndex = 0; path = preOCRUITests.xctest; sourceTree = BUILT_PRODUCTS_DIR; };
		EA716F2728C2F50800393BA0 /* preOCRUITests.swift */ = {isa = PBXFileReference; lastKnownFileType = sourcecode.swift; path = preOCRUITests.swift; sourceTree = "<group>"; };
		EA716F2928C2F50800393BA0 /* preOCRUITestsLaunchTests.swift */ = {isa = PBXFileReference; lastKnownFileType = sourcecode.swift; path = preOCRUITestsLaunchTests.swift; sourceTree = "<group>"; };
/* End PBXFileReference section */

/* Begin PBXFrameworksBuildPhase section */
		EA716F0628C2F50500393BA0 /* Frameworks */ = {
			isa = PBXFrameworksBuildPhase;
			buildActionMask = 2147483647;
			files = (
			);
			runOnlyForDeploymentPostprocessing = 0;
		};
		EA716F1628C2F50800393BA0 /* Frameworks */ = {
			isa = PBXFrameworksBuildPhase;
			buildActionMask = 2147483647;
			files = (
			);
			runOnlyForDeploymentPostprocessing = 0;
		};
		EA716F2028C2F50800393BA0 /* Frameworks */ = {
			isa = PBXFrameworksBuildPhase;
			buildActionMask = 2147483647;
			files = (
			);
			runOnlyForDeploymentPostprocessing = 0;
		};
/* End PBXFrameworksBuildPhase section */

/* Begin PBXGroup section */
		EA716F0028C2F50500393BA0 = {
			isa = PBXGroup;
			children = (
				EA716F0B28C2F50500393BA0 /* preOCR */,
				EA716F1C28C2F50800393BA0 /* preOCRTests */,
				EA716F2628C2F50800393BA0 /* preOCRUITests */,
				EA716F0A28C2F50500393BA0 /* Products */,
			);
			sourceTree = "<group>";
		};
		EA716F0A28C2F50500393BA0 /* Products */ = {
			isa = PBXGroup;
			children = (
				EA716F0928C2F50500393BA0 /* preOCR.app */,
				EA716F1928C2F50800393BA0 /* preOCRTests.xctest */,
				EA716F2328C2F50800393BA0 /* preOCRUITests.xctest */,
			);
			name = Products;
			sourceTree = "<group>";
		};
		EA716F0B28C2F50500393BA0 /* preOCR */ = {
			isa = PBXGroup;
			children = (
				EA716F0C28C2F50500393BA0 /* preOCRApp.swift */,
				EA716F0E28C2F50500393BA0 /* ContentView.swift */,
				EA716F1028C2F50700393BA0 /* Assets.xcassets */,
				EA716F1228C2F50700393BA0 /* Preview Content */,
			);
			path = preOCR;
			sourceTree = "<group>";
		};
		EA716F1228C2F50700393BA0 /* Preview Content */ = {
			isa = PBXGroup;
			children = (
				EA716F1328C2F50700393BA0 /* Preview Assets.xcassets */,
			);
			path = "Preview Content";
			sourceTree = "<group>";
		};
		EA716F1C28C2F50800393BA0 /* preOCRTests */ = {
			isa = PBXGroup;
			children = (
				EA716F1D28C2F50800393BA0 /* preOCRTests.swift */,
			);
			path = preOCRTests;
			sourceTree = "<group>";
		};
		EA716F2628C2F50800393BA0 /* preOCRUITests */ = {
			isa = PBXGroup;
			children = (
				EA716F2728C2F50800393BA0 /* preOCRUITests.swift */,
				EA716F2928C2F50800393BA0 /* preOCRUITestsLaunchTests.swift */,
			);
			path = preOCRUITests;
			sourceTree = "<group>";
		};
/* End PBXGroup section */

/* Begin PBXNativeTarget section */
		EA716F0828C2F50500393BA0 /* preOCR */ = {
			isa = PBXNativeTarget;
			buildConfigurationList = EA716F2D28C2F50800393BA0 /* Build configuration list for PBXNativeTarget "preOCR" */;
			buildPhases = (
				EA716F0528C2F50500393BA0 /* Sources */,
				EA716F0628C2F50500393BA0 /* Frameworks */,
				EA716F0728C2F50500393BA0 /* Resources */,
			);
			buildRules = (
			);
			dependencies = (
			);
			name = preOCR;
			productName = preOCR;
			productReference = EA716F0928C2F50500393BA0 /* preOCR.app */;
			productType = "com.apple.product-type.application";
		};
		EA716F1828C2F50800393BA0 /* preOCRTests */ = {
			isa = PBXNativeTarget;
			buildConfigurationList = EA716F3028C2F50800393BA0 /* Build configuration list for PBXNativeTarget "preOCRTests" */;
			buildPhases = (
				EA716F1528C2F50800393BA0 /* Sources */,
				EA716F1628C2F50800393BA0 /* Frameworks */,
				EA716F1728C2F50800393BA0 /* Resources */,
			);
			buildRules = (
			);
			dependencies = (
				EA716F1B28C2F50800393BA0 /* PBXTargetDependency */,
			);
			name = preOCRTests;
			productName = preOCRTests;
			productReference = EA716F1928C2F50800393BA0 /* preOCRTests.xctest */;
			productType = "com.apple.product-type.bundle.unit-test";
		};
		EA716F2228C2F50800393BA0 /* preOCRUITests */ = {
			isa = PBXNativeTarget;
			buildConfigurationList = EA716F3328C2F50800393BA0 /* Build configuration list for PBXNativeTarget "preOCRUITests" */;
			buildPhases = (
				EA716F1F28C2F50800393BA0 /* Sources */,
				EA716F2028C2F50800393BA0 /* Frameworks */,
				EA716F2128C2F50800393BA0 /* Resources */,
			);
			buildRules = (
			);
			dependencies = (
				EA716F2528C2F50800393BA0 /* PBXTargetDependency */,
			);
			name = preOCRUITests;
			productName = preOCRUITests;
			productReference = EA716F2328C2F50800393BA0 /* preOCRUITests.xctest */;
			productType = "com.apple.product-type.bundle.ui-testing";
		};
/* End PBXNativeTarget section */

/* Begin PBXProject section */
		EA716F0128C2F50500393BA0 /* Project object */ = {
			isa = PBXProject;
			attributes = {
				BuildIndependentTargetsInParallel = 1;
				LastSwiftUpdateCheck = 1400;
				LastUpgradeCheck = 1400;
				TargetAttributes = {
					EA716F0828C2F50500393BA0 = {
						CreatedOnToolsVersion = 14.0;
					};
					EA716F1828C2F50800393BA0 = {
						CreatedOnToolsVersion = 14.0;
						TestTargetID = EA716F0828C2F50500393BA0;
					};
					EA716F2228C2F50800393BA0 = {
						CreatedOnToolsVersion = 14.0;
						TestTargetID = EA716F0828C2F50500393BA0;
					};
				};
			};
			buildConfigurationList = EA716F0428C2F50500393BA0 /* Build configuration list for PBXProject "preOCR" */;
			compatibilityVersion = "Xcode 14.0";
			developmentRegion = en;
			hasScannedForEncodings = 0;
			knownRegions = (
				en,
				Base,
			);
			mainGroup = EA716F0028C2F50500393BA0;
			productRefGroup = EA716F0A28C2F50500393BA0 /* Products */;
			projectDirPath = "";
			projectRoot = "";
			targets = (
				EA716F0828C2F50500393BA0 /* preOCR */,
				EA716F1828C2F50800393BA0 /* preOCRTests */,
				EA716F2228C2F50800393BA0 /* preOCRUITests */,
			);
		};
/* End PBXProject section */

/* Begin PBXResourcesBuildPhase section */
		EA716F0728C2F50500393BA0 /* Resources */ = {
			isa = PBXResourcesBuildPhase;
			buildActionMask = 2147483647;
			files = (
				EA716F1428C2F50700393BA0 /* Preview Assets.xcassets in Resources */,
				EA716F1128C2F50700393BA0 /* Assets.xcassets in Resources */,
			);
			runOnlyForDeploymentPostprocessing = 0;
		};
		EA716F1728C2F50800393BA0 /* Resources */ = {
			isa = PBXResourcesBuildPhase;
			buildActionMask = 2147483647;
			files = (
			);
			runOnlyForDeploymentPostprocessing = 0;
		};
		EA716F2128C2F50800393BA0 /* Resources */ = {
			isa = PBXResourcesBuildPhase;
			buildActionMask = 2147483647;
			files = (
			);
			runOnlyForDeploymentPostprocessing = 0;
		};
/* End PBXResourcesBuildPhase section */

/* Begin PBXSourcesBuildPhase section */
		EA716F0528C2F50500393BA0 /* Sources */ = {
			isa = PBXSourcesBuildPhase;
			buildActionMask = 2147483647;
			files = (
				EA716F0F28C2F50500393BA0 /* ContentView.swift in Sources */,
				EA716F0D28C2F50500393BA0 /* preOCRApp.swift in Sources */,
			);
			runOnlyForDeploymentPostprocessing = 0;
		};
		EA716F1528C2F50800393BA0 /* Sources */ = {
			isa = PBXSourcesBuildPhase;
			buildActionMask = 2147483647;
			files = (
				EA716F1E28C2F50800393BA0 /* preOCRTests.swift in Sources */,
			);
			runOnlyForDeploymentPostprocessing = 0;
		};
		EA716F1F28C2F50800393BA0 /* Sources */ = {
			isa = PBXSourcesBuildPhase;
			buildActionMask = 2147483647;
			files = (
				EA716F2828C2F50800393BA0 /* preOCRUITests.swift in Sources */,
				EA716F2A28C2F50800393BA0 /* preOCRUITestsLaunchTests.swift in Sources */,
			);
			runOnlyForDeploymentPostprocessing = 0;
		};
/* End PBXSourcesBuildPhase section */

/* Begin PBXTargetDependency section */
		EA716F1B28C2F50800393BA0 /* PBXTargetDependency */ = {
			isa = PBXTargetDependency;
			target = EA716F0828C2F50500393BA0 /* preOCR */;
			targetProxy = EA716F1A28C2F50800393BA0 /* PBXContainerItemProxy */;
		};
		EA716F2528C2F50800393BA0 /* PBXTargetDependency */ = {
			isa = PBXTargetDependency;
			target = EA716F0828C2F50500393BA0 /* preOCR */;
			targetProxy = EA716F2428C2F50800393BA0 /* PBXContainerItemProxy */;
		};
/* End PBXTargetDependency section */

/* Begin XCBuildConfiguration section */
		EA716F2B28C2F50800393BA0 /* Debug */ = {
			isa = XCBuildConfiguration;
			buildSettings = {
				ALWAYS_SEARCH_USER_PATHS = NO;
				CLANG_ANALYZER_NONNULL = YES;
				CLANG_ANALYZER_NUMBER_OBJECT_CONVERSION = YES_AGGRESSIVE;
				CLANG_CXX_LANGUAGE_STANDARD = "gnu++20";
				CLANG_ENABLE_MODULES = YES;
				CLANG_ENABLE_OBJC_ARC = YES;
				CLANG_ENABLE_OBJC_WEAK = YES;
				CLANG_WARN_BLOCK_CAPTURE_AUTORELEASING = YES;
				CLANG_WARN_BOOL_CONVERSION = YES;
				CLANG_WARN_COMMA = YES;
				CLANG_WARN_CONSTANT_CONVERSION = YES;
				CLANG_WARN_DEPRECATED_OBJC_IMPLEMENTATIONS = YES;
				CLANG_WARN_DIRECT_OBJC_ISA_USAGE = YES_ERROR;
				CLANG_WARN_DOCUMENTATION_COMMENTS = YES;
				CLANG_WARN_EMPTY_BODY = YES;
				CLANG_WARN_ENUM_CONVERSION = YES;
				CLANG_WARN_INFINITE_RECURSION = YES;
				CLANG_WARN_INT_CONVERSION = YES;
				CLANG_WARN_NON_LITERAL_NULL_CONVERSION = YES;
				CLANG_WARN_OBJC_IMPLICIT_RETAIN_SELF = YES;
				CLANG_WARN_OBJC_LITERAL_CONVERSION = YES;
				CLANG_WARN_OBJC_ROOT_CLASS = YES_ERROR;
				CLANG_WARN_QUOTED_INCLUDE_IN_FRAMEWORK_HEADER = YES;
				CLANG_WARN_RANGE_LOOP_ANALYSIS = YES;
				CLANG_WARN_STRICT_PROTOTYPES = YES;
				CLANG_WARN_SUSPICIOUS_MOVE = YES;
				CLANG_WARN_UNGUARDED_AVAILABILITY = YES_AGGRESSIVE;
				CLANG_WARN_UNREACHABLE_CODE = YES;
				CLANG_WARN__DUPLICATE_METHOD_MATCH = YES;
				COPY_PHASE_STRIP = NO;
				DEBUG_INFORMATION_FORMAT = dwarf;
				ENABLE_STRICT_OBJC_MSGSEND = YES;
				ENABLE_TESTABILITY = YES;
				GCC_C_LANGUAGE_STANDARD = gnu11;
				GCC_DYNAMIC_NO_PIC = NO;
				GCC_NO_COMMON_BLOCKS = YES;
				GCC_OPTIMIZATION_LEVEL = 0;
				GCC_PREPROCESSOR_DEFINITIONS = (
					"DEBUG=1",
					"$(inherited)",
				);
				GCC_WARN_64_TO_32_BIT_CONVERSION = YES;
				GCC_WARN_ABOUT_RETURN_TYPE = YES_ERROR;
				GCC_WARN_UNDECLARED_SELECTOR = YES;
				GCC_WARN_UNINITIALIZED_AUTOS = YES_AGGRESSIVE;
				GCC_WARN_UNUSED_FUNCTION = YES;
				GCC_WARN_UNUSED_VARIABLE = YES;
				IPHONEOS_DEPLOYMENT_TARGET = 16.0;
				MTL_ENABLE_DEBUG_INFO = INCLUDE_SOURCE;
				MTL_FAST_MATH = YES;
				ONLY_ACTIVE_ARCH = YES;
				SDKROOT = iphoneos;
				SWIFT_ACTIVE_COMPILATION_CONDITIONS = DEBUG;
				SWIFT_OPTIMIZATION_LEVEL = "-Onone";
			};
			name = Debug;
		};
		EA716F2C28C2F50800393BA0 /* Release */ = {
			isa = XCBuildConfiguration;
			buildSettings = {
				ALWAYS_SEARCH_USER_PATHS = NO;
				CLANG_ANALYZER_NONNULL = YES;
				CLANG_ANALYZER_NUMBER_OBJECT_CONVERSION = YES_AGGRESSIVE;
				CLANG_CXX_LANGUAGE_STANDARD = "gnu++20";
				CLANG_ENABLE_MODULES = YES;
				CLANG_ENABLE_OBJC_ARC = YES;
				CLANG_ENABLE_OBJC_WEAK = YES;
				CLANG_WARN_BLOCK_CAPTURE_AUTORELEASING = YES;
				CLANG_WARN_BOOL_CONVERSION = YES;
				CLANG_WARN_COMMA = YES;
				CLANG_WARN_CONSTANT_CONVERSION = YES;
				CLANG_WARN_DEPRECATED_OBJC_IMPLEMENTATIONS = YES;
				CLANG_WARN_DIRECT_OBJC_ISA_USAGE = YES_ERROR;
				CLANG_WARN_DOCUMENTATION_COMMENTS = YES;
				CLANG_WARN_EMPTY_BODY = YES;
				CLANG_WARN_ENUM_CONVERSION = YES;
				CLANG_WARN_INFINITE_RECURSION = YES;
				CLANG_WARN_INT_CONVERSION = YES;
				CLANG_WARN_NON_LITERAL_NULL_CONVERSION = YES;
				CLANG_WARN_OBJC_IMPLICIT_RETAIN_SELF = YES;
				CLANG_WARN_OBJC_LITERAL_CONVERSION = YES;
				CLANG_WARN_OBJC_ROOT_CLASS = YES_ERROR;
				CLANG_WARN_QUOTED_INCLUDE_IN_FRAMEWORK_HEADER = YES;
				CLANG_WARN_RANGE_LOOP_ANALYSIS = YES;
				CLANG_WARN_STRICT_PROTOTYPES = YES;
				CLANG_WARN_SUSPICIOUS_MOVE = YES;
				CLANG_WARN_UNGUARDED_AVAILABILITY = YES_AGGRESSIVE;
				CLANG_WARN_UNREACHABLE_CODE = YES;
				CLANG_WARN__DUPLICATE_METHOD_MATCH = YES;
				COPY_PHASE_STRIP = NO;
				DEBUG_INFORMATION_FORMAT = "dwarf-with-dsym";
				ENABLE_NS_ASSERTIONS = NO;
				ENABLE_STRICT_OBJC_MSGSEND = YES;
				GCC_C_LANGUAGE_STANDARD = gnu11;
				GCC_NO_COMMON_BLOCKS = YES;
				GCC_WARN_64_TO_32_BIT_CONVERSION = YES;
				GCC_WARN_ABOUT_RETURN_TYPE = YES_ERROR;
				GCC_WARN_UNDECLARED_SELECTOR = YES;
				GCC_WARN_UNINITIALIZED_AUTOS = YES_AGGRESSIVE;
				GCC_WARN_UNUSED_FUNCTION = YES;
				GCC_WARN_UNUSED_VARIABLE = YES;
				IPHONEOS_DEPLOYMENT_TARGET = 16.0;
				MTL_ENABLE_DEBUG_INFO = NO;
				MTL_FAST_MATH = YES;
				SDKROOT = iphoneos;
				SWIFT_COMPILATION_MODE = wholemodule;
				SWIFT_OPTIMIZATION_LEVEL = "-O";
				VALIDATE_PRODUCT = YES;
			};
			name = Release;
		};
		EA716F2E28C2F50800393BA0 /* Debug */ = {
			isa = XCBuildConfiguration;
			buildSettings = {
				ASSETCATALOG_COMPILER_APPICON_NAME = AppIcon;
				ASSETCATALOG_COMPILER_GLOBAL_ACCENT_COLOR_NAME = AccentColor;
				CODE_SIGN_STYLE = Automatic;
				CURRENT_PROJECT_VERSION = 1;
				DEVELOPMENT_ASSET_PATHS = "\"preOCR/Preview Content\"";
				DEVELOPMENT_TEAM = 3ZMTZ3U33V;
				ENABLE_PREVIEWS = YES;
				GENERATE_INFOPLIST_FILE = YES;
				INFOPLIST_KEY_UIApplicationSceneManifest_Generation = YES;
				INFOPLIST_KEY_UIApplicationSupportsIndirectInputEvents = YES;
				INFOPLIST_KEY_UILaunchScreen_Generation = YES;
				INFOPLIST_KEY_UISupportedInterfaceOrientations_iPad = "UIInterfaceOrientationPortrait UIInterfaceOrientationPortraitUpsideDown UIInterfaceOrientationLandscapeLeft UIInterfaceOrientationLandscapeRight";
				INFOPLIST_KEY_UISupportedInterfaceOrientations_iPhone = "UIInterfaceOrientationPortrait UIInterfaceOrientationLandscapeLeft UIInterfaceOrientationLandscapeRight";
				LD_RUNPATH_SEARCH_PATHS = (
					"$(inherited)",
					"@executable_path/Frameworks",
				);
				MARKETING_VERSION = 1.0;
				PRODUCT_BUNDLE_IDENTIFIER = cc.kz56cd.preOCR;
				PRODUCT_NAME = "$(TARGET_NAME)";
				SWIFT_EMIT_LOC_STRINGS = YES;
				SWIFT_VERSION = 5.0;
				TARGETED_DEVICE_FAMILY = "1,2";
			};
			name = Debug;
		};
		EA716F2F28C2F50800393BA0 /* Release */ = {
			isa = XCBuildConfiguration;
			buildSettings = {
				ASSETCATALOG_COMPILER_APPICON_NAME = AppIcon;
				ASSETCATALOG_COMPILER_GLOBAL_ACCENT_COLOR_NAME = AccentColor;
				CODE_SIGN_STYLE = Automatic;
				CURRENT_PROJECT_VERSION = 1;
				DEVELOPMENT_ASSET_PATHS = "\"preOCR/Preview Content\"";
				DEVELOPMENT_TEAM = 3ZMTZ3U33V;
				ENABLE_PREVIEWS = YES;
				GENERATE_INFOPLIST_FILE = YES;
				INFOPLIST_KEY_UIApplicationSceneManifest_Generation = YES;
				INFOPLIST_KEY_UIApplicationSupportsIndirectInputEvents = YES;
				INFOPLIST_KEY_UILaunchScreen_Generation = YES;
				INFOPLIST_KEY_UISupportedInterfaceOrientations_iPad = "UIInterfaceOrientationPortrait UIInterfaceOrientationPortraitUpsideDown UIInterfaceOrientationLandscapeLeft UIInterfaceOrientationLandscapeRight";
				INFOPLIST_KEY_UISupportedInterfaceOrientations_iPhone = "UIInterfaceOrientationPortrait UIInterfaceOrientationLandscapeLeft UIInterfaceOrientationLandscapeRight";
				LD_RUNPATH_SEARCH_PATHS = (
					"$(inherited)",
					"@executable_path/Frameworks",
				);
				MARKETING_VERSION = 1.0;
				PRODUCT_BUNDLE_IDENTIFIER = cc.kz56cd.preOCR;
				PRODUCT_NAME = "$(TARGET_NAME)";
				SWIFT_EMIT_LOC_STRINGS = YES;
				SWIFT_VERSION = 5.0;
				TARGETED_DEVICE_FAMILY = "1,2";
			};
			name = Release;
		};
		EA716F3128C2F50800393BA0 /* Debug */ = {
			isa = XCBuildConfiguration;
			buildSettings = {
				ALWAYS_EMBED_SWIFT_STANDARD_LIBRARIES = YES;
				BUNDLE_LOADER = "$(TEST_HOST)";
				CODE_SIGN_STYLE = Automatic;
				CURRENT_PROJECT_VERSION = 1;
				DEVELOPMENT_TEAM = 3ZMTZ3U33V;
				GENERATE_INFOPLIST_FILE = YES;
				IPHONEOS_DEPLOYMENT_TARGET = 16.0;
				MARKETING_VERSION = 1.0;
				PRODUCT_BUNDLE_IDENTIFIER = cc.kz56cd.preOCRTests;
				PRODUCT_NAME = "$(TARGET_NAME)";
				SWIFT_EMIT_LOC_STRINGS = NO;
				SWIFT_VERSION = 5.0;
				TARGETED_DEVICE_FAMILY = "1,2";
				TEST_HOST = "$(BUILT_PRODUCTS_DIR)/preOCR.app/$(BUNDLE_EXECUTABLE_FOLDER_PATH)/preOCR";
			};
			name = Debug;
		};
		EA716F3228C2F50800393BA0 /* Release */ = {
			isa = XCBuildConfiguration;
			buildSettings = {
				ALWAYS_EMBED_SWIFT_STANDARD_LIBRARIES = YES;
				BUNDLE_LOADER = "$(TEST_HOST)";
				CODE_SIGN_STYLE = Automatic;
				CURRENT_PROJECT_VERSION = 1;
				DEVELOPMENT_TEAM = 3ZMTZ3U33V;
				GENERATE_INFOPLIST_FILE = YES;
				IPHONEOS_DEPLOYMENT_TARGET = 16.0;
				MARKETING_VERSION = 1.0;
				PRODUCT_BUNDLE_IDENTIFIER = cc.kz56cd.preOCRTests;
				PRODUCT_NAME = "$(TARGET_NAME)";
				SWIFT_EMIT_LOC_STRINGS = NO;
				SWIFT_VERSION = 5.0;
				TARGETED_DEVICE_FAMILY = "1,2";
				TEST_HOST = "$(BUILT_PRODUCTS_DIR)/preOCR.app/$(BUNDLE_EXECUTABLE_FOLDER_PATH)/preOCR";
			};
			name = Release;
		};
		EA716F3428C2F50800393BA0 /* Debug */ = {
			isa = XCBuildConfiguration;
			buildSettings = {
				ALWAYS_EMBED_SWIFT_STANDARD_LIBRARIES = YES;
				CODE_SIGN_STYLE = Automatic;
				CURRENT_PROJECT_VERSION = 1;
				DEVELOPMENT_TEAM = 3ZMTZ3U33V;
				GENERATE_INFOPLIST_FILE = YES;
				MARKETING_VERSION = 1.0;
				PRODUCT_BUNDLE_IDENTIFIER = cc.kz56cd.preOCRUITests;
				PRODUCT_NAME = "$(TARGET_NAME)";
				SWIFT_EMIT_LOC_STRINGS = NO;
				SWIFT_VERSION = 5.0;
				TARGETED_DEVICE_FAMILY = "1,2";
				TEST_TARGET_NAME = preOCR;
			};
			name = Debug;
		};
		EA716F3528C2F50800393BA0 /* Release */ = {
			isa = XCBuildConfiguration;
			buildSettings = {
				ALWAYS_EMBED_SWIFT_STANDARD_LIBRARIES = YES;
				CODE_SIGN_STYLE = Automatic;
				CURRENT_PROJECT_VERSION = 1;
				DEVELOPMENT_TEAM = 3ZMTZ3U33V;
				GENERATE_INFOPLIST_FILE = YES;
				MARKETING_VERSION = 1.0;
				PRODUCT_BUNDLE_IDENTIFIER = cc.kz56cd.preOCRUITests;
				PRODUCT_NAME = "$(TARGET_NAME)";
				SWIFT_EMIT_LOC_STRINGS = NO;
				SWIFT_VERSION = 5.0;
				TARGETED_DEVICE_FAMILY = "1,2";
				TEST_TARGET_NAME = preOCR;
			};
			name = Release;
		};
/* End XCBuildConfiguration section */

/* Begin XCConfigurationList section */
		EA716F0428C2F50500393BA0 /* Build configuration list for PBXProject "preOCR" */ = {
			isa = XCConfigurationList;
			buildConfigurations = (
				EA716F2B28C2F50800393BA0 /* Debug */,
				EA716F2C28C2F50800393BA0 /* Release */,
			);
			defaultConfigurationIsVisible = 0;
			defaultConfigurationName = Release;
		};
		EA716F2D28C2F50800393BA0 /* Build configuration list for PBXNativeTarget "preOCR" */ = {
			isa = XCConfigurationList;
			buildConfigurations = (
				EA716F2E28C2F50800393BA0 /* Debug */,
				EA716F2F28C2F50800393BA0 /* Release */,
			);
			defaultConfigurationIsVisible = 0;
			defaultConfigurationName = Release;
		};
		EA716F3028C2F50800393BA0 /* Build configuration list for PBXNativeTarget "preOCRTests" */ = {
			isa = XCConfigurationList;
			buildConfigurations = (
				EA716F3128C2F50800393BA0 /* Debug */,
				EA716F3228C2F50800393BA0 /* Release */,
			);
			defaultConfigurationIsVisible = 0;
			defaultConfigurationName = Release;
		};
		EA716F3328C2F50800393BA0 /* Build configuration list for PBXNativeTarget "preOCRUITests" */ = {
			isa = XCConfigurationList;
			buildConfigurations = (
				EA716F3428C2F50800393BA0 /* Debug */,
				EA716F3528C2F50800393BA0 /* Release */,
			);
			defaultConfigurationIsVisible = 0;
			defaultConfigurationName = Release;
		};
/* End XCConfigurationList section */
	};
	rootObject = EA716F0128C2F50500393BA0 /* Project object */;
}
